
Microsoft Visual Studio Solution File, Format Version 12.00
# Visual Studio 2012
Project("{888888A0-9F3D-457C-B088-3A5042F75D52}") = "GeoJson", "GeoJson.pyproj", "{EA4DE120-46C6-45E9-9B74-D698E0DA26FE}"
EndProject
Global
	GlobalSection(SolutionConfigurationPlatforms) = preSolution
		Debug|Any CPU = Debug|Any CPU
		Release|Any CPU = Release|Any CPU
	EndGlobalSection
	GlobalSection(ProjectConfigurationPlatforms) = postSolution
		{EA4DE120-46C6-45E9-9B74-D698E0DA26FE}.Debug|Any CPU.ActiveCfg = Debug|Any CPU
		{EA4DE120-46C6-45E9-9B74-D698E0DA26FE}.Release|Any CPU.ActiveCfg = Release|Any CPU
	EndGlobalSection
	GlobalSection(SolutionProperties) = preSolution
		HideSolutionNode = FALSE
	EndGlobalSection
EndGlobal
